version = 1
revision = 3
requires-python = "==3.12.*"

[[package]]
name = "babel"
version = "2.12.1"
source = { registry = "https://pypi.org/simple" }
sdist = { url = "https://files.pythonhosted.org/packages/ba/42/54426ba5d7aeebde9f4aaba9884596eb2fe02b413ad77d62ef0b0422e205/Babel-2.12.1.tar.gz", hash = "sha256:cc2d99999cd01d44420ae725a21c9e3711b3aadc7976d6147f622d8581963455", size = 9906735, upload-time = "2023-02-28T14:08:26.497Z" }
wheels = [
    { url = "https://files.pythonhosted.org/packages/df/c4/1088865e0246d7ecf56d819a233ab2b72f7d6ab043965ef327d0731b5434/Babel-2.12.1-py3-none-any.whl", hash = "sha256:b4246fb7677d3b98f501a39d43396d3cafdc8eadb045f4a31be01863f655c610", size = 10071794, upload-time = "2023-02-28T14:08:15.915Z" },
]

[[package]]
name = "certifi"
version = "2023.7.22"
source = { registry = "https://pypi.org/simple" }
sdist = { url = "https://files.pythonhosted.org/packages/98/98/c2ff18671db109c9f10ed27f5ef610ae05b73bd876664139cf95bd1429aa/certifi-2023.7.22.tar.gz", hash = "sha256:539cc1d13202e33ca466e88b2807e29f4c13049d6d87031a3c110744495cb082", size = 159517, upload-time = "2023-07-22T08:39:27.482Z" }
wheels = [
    { url = "https://files.pythonhosted.org/packages/4c/dd/2234eab22353ffc7d94e8d13177aaa050113286e93e7b40eae01fbf7c3d9/certifi-2023.7.22-py3-none-any.whl", hash = "sha256:92d6037539857d8206b8f6ae472e8b77db8058fec5937a1ef3f54304089edbb9", size = 158334, upload-time = "2023-07-22T08:39:25.345Z" },
]

[[package]]
name = "charset-normalizer"
version = "3.3.0"
source = { registry = "https://pypi.org/simple" }
sdist = { url = "https://files.pythonhosted.org/packages/cf/ac/e89b2f2f75f51e9859979b56d2ec162f7f893221975d244d8d5277aa9489/charset-normalizer-3.3.0.tar.gz", hash = "sha256:63563193aec44bce707e0c5ca64ff69fa72ed7cf34ce6e11d5127555756fd2f6", size = 103776, upload-time = "2023-09-30T09:12:43.898Z" }
wheels = [
    { url = "https://files.pythonhosted.org/packages/ec/a0/38a781667c8ee84547f5c6fd4b085cad48056432259f78414c3aa10cd3c6/charset_normalizer-3.3.0-cp312-cp312-macosx_10_9_universal2.whl", hash = "sha256:3b447982ad46348c02cb90d230b75ac34e9886273df3a93eec0539308a6296d7", size = 188090, upload-time = "2023-09-30T09:11:13.991Z" },
    { url = "https://files.pythonhosted.org/packages/25/27/fdd2027b4f3bba7e92ec3a3a5450bfecdfe92ed1066ecf9cc1f64d871e8e/charset_normalizer-3.3.0-cp312-cp312-macosx_10_9_x86_64.whl", hash = "sha256:abf0d9f45ea5fb95051c8bfe43cb40cda383772f7e5023a83cc481ca2604d74e", size = 119607, upload-time = "2023-09-30T09:11:15.158Z" },
    { url = "https://files.pythonhosted.org/packages/b8/db/2374cb7e1736f7f11651c706d44c4a2428e58f9376d7f1666431ce876259/charset_normalizer-3.3.0-cp312-cp312-macosx_11_0_arm64.whl", hash = "sha256:b09719a17a2301178fac4470d54b1680b18a5048b481cb8890e1ef820cb80455", size = 116800, upload-time = "2023-09-30T09:11:16.328Z" },
    { url = "https://files.pythonhosted.org/packages/a8/97/3c26f65a6bfb16cc3d66c973e966516f54fa5f6e512e20e2da1a99b7c480/charset_normalizer-3.3.0-cp312-cp312-manylinux_2_17_aarch64.manylinux2014_aarch64.whl", hash = "sha256:b3d9b48ee6e3967b7901c052b670c7dda6deb812c309439adaffdec55c6d7b78", size = 134449, upload-time = "2023-09-30T09:11:17.597Z" },
    { url = "https://files.pythonhosted.org/packages/96/eb/628cfa6c99b2bc6b68f29f75c6dadc62a4f8de273e1924c1f2c8bf1d13cf/charset_normalizer-3.3.0-cp312-cp312-manylinux_2_17_ppc64le.manylinux2014_ppc64le.whl", hash = "sha256:edfe077ab09442d4ef3c52cb1f9dab89bff02f4524afc0acf2d46be17dc479f5", size = 143843, upload-time = "2023-09-30T09:11:19.452Z" },
    { url = "https://files.pythonhosted.org/packages/9d/49/7d2c1b8519cfe91dc129bc157c3c6f4eab13983c67620f4bfcae7a5e724c/charset_normalizer-3.3.0-cp312-cp312-manylinux_2_17_s390x.manylinux2014_s390x.whl", hash = "sha256:3debd1150027933210c2fc321527c2299118aa929c2f5a0a80ab6953e3bd1908", size = 136900, upload-time = "2023-09-30T09:11:21.481Z" },
    { url = "https://files.pythonhosted.org/packages/e1/ee/04bbbe050ac4d4ac92ca3fa4f9ada00ee7d2095a91ccadb9a2065943a1bf/charset_normalizer-3.3.0-cp312-cp312-manylinux_2_17_x86_64.manylinux2014_x86_64.whl", hash = "sha256:86f63face3a527284f7bb8a9d4f78988e3c06823f7bea2bd6f0e0e9298ca0403", size = 138659, upload-time = "2023-09-30T09:11:23.396Z" },
    { url = "https://files.pythonhosted.org/packages/bf/d2/e2ac36c1d3c3923f713e757dd6af9852d2d0d46d146289ce9cdf4dada042/charset_normalizer-3.3.0-cp312-cp312-manylinux_2_5_i686.manylinux1_i686.manylinux_2_17_i686.manylinux2014_i686.whl", hash = "sha256:24817cb02cbef7cd499f7c9a2735286b4782bd47a5b3516a0e84c50eab44b98e", size = 140802, upload-time = "2023-09-30T09:11:24.973Z" },
    { url = "https://files.pythonhosted.org/packages/de/f3/9945a71e0e383b42350686a5dcf31cd8d5c6e2e5fd6971c8ab306076dff8/charset_normalizer-3.3.0-cp312-cp312-musllinux_1_1_aarch64.whl", hash = "sha256:c71f16da1ed8949774ef79f4a0260d28b83b3a50c6576f8f4f0288d109777989", size = 135030, upload-time = "2023-09-30T09:11:26.319Z" },
    { url = "https://files.pythonhosted.org/packages/56/53/5fc3594f6fa07f1c6257ac423e9a6a61a87887841f0f83f203a89423ee2f/charset_normalizer-3.3.0-cp312-cp312-musllinux_1_1_i686.whl", hash = "sha256:9cf3126b85822c4e53aa28c7ec9869b924d6fcfb76e77a45c44b83d91afd74f9", size = 141690, upload-time = "2023-09-30T09:11:27.69Z" },
    { url = "https://files.pythonhosted.org/packages/76/48/5dc46e7540be77ee21fa12ae01a4d9bbfe1204a53ab6ae2d1352e1e2b94a/charset_normalizer-3.3.0-cp312-cp312-musllinux_1_1_ppc64le.whl", hash = "sha256:b3b2316b25644b23b54a6f6401074cebcecd1244c0b8e80111c9a3f1c8e83d65", size = 145844, upload-time = "2023-09-30T09:11:29.272Z" },
    { url = "https://files.pythonhosted.org/packages/c4/37/a713c05a4a4dcbc207fb7bb9fe475887f6e956b8bba0556fa25add1afc8a/charset_normalizer-3.3.0-cp312-cp312-musllinux_1_1_s390x.whl", hash = "sha256:03680bb39035fbcffe828eae9c3f8afc0428c91d38e7d61aa992ef7a59fb120e", size = 137892, upload-time = "2023-09-30T09:11:30.799Z" },
    { url = "https://files.pythonhosted.org/packages/96/88/b69ea474040ea9f16df6689fe042884f015956998050d1c38b389fb18981/charset_normalizer-3.3.0-cp312-cp312-musllinux_1_1_x86_64.whl", hash = "sha256:4cc152c5dd831641e995764f9f0b6589519f6f5123258ccaca8c6d34572fefa8", size = 138820, upload-time = "2023-09-30T09:11:32.259Z" },
    { url = "https://files.pythonhosted.org/packages/25/c6/50974051271f1412718100f701956dfa8a0891571305f34e3763b52b5a26/charset_normalizer-3.3.0-cp312-cp312-win32.whl", hash = "sha256:b8f3307af845803fb0b060ab76cf6dd3a13adc15b6b451f54281d25911eb92df", size = 91494, upload-time = "2023-09-30T09:11:33.989Z" },
    { url = "https://files.pythonhosted.org/packages/d1/47/148eae656ac376938afc97ed288893c6089038180c9e0782e5423ac0307d/charset_normalizer-3.3.0-cp312-cp312-win_amd64.whl", hash = "sha256:8eaf82f0eccd1505cf39a45a6bd0a8cf1c70dcfc30dba338207a969d91b965c0", size = 98277, upload-time = "2023-09-30T09:11:35.255Z" },
    { url = "https://files.pythonhosted.org/packages/a3/dc/efab5b27839f04be4b8058c1eb85b7ab7dbc55ef8067250bea0518392756/charset_normalizer-3.3.0-py3-none-any.whl", hash = "sha256:e46cd37076971c1040fc8c41273a8b3e2c624ce4f2be3f5dfcb7a430c1d3acc2", size = 48155, upload-time = "2023-09-30T09:12:42.533Z" },
]

[[package]]
name = "click"
version = "8.1.7"
source = { registry = "https://pypi.org/simple" }
dependencies = [
    { name = "colorama", marker = "sys_platform == 'win32'" },
]
sdist = { url = "https://files.pythonhosted.org/packages/96/d3/f04c7bfcf5c1862a2a5b845c6b2b360488cf47af55dfa79c98f6a6bf98b5/click-8.1.7.tar.gz", hash = "sha256:ca9853ad459e787e2192211578cc907e7594e294c7ccc834310722b41b9ca6de", size = 336121, upload-time = "2023-08-17T17:29:11.868Z" }
wheels = [
    { url = "https://files.pythonhosted.org/packages/00/2e/d53fa4befbf2cfa713304affc7ca780ce4fc1fd8710527771b58311a3229/click-8.1.7-py3-none-any.whl", hash = "sha256:ae74fb96c20a0277a1d615f1e4d73c8414f5a98db8b799a7931d1582f3390c28", size = 97941, upload-time = "2023-08-17T17:29:10.08Z" },
]

[[package]]
name = "colorama"
version = "0.4.6"
source = { registry = "https://pypi.org/simple" }
sdist = { url = "https://files.pythonhosted.org/packages/d8/53/6f443c9a4a8358a93a6792e2acffb9d9d5cb0a5cfd8802644b7b1c9a02e4/colorama-0.4.6.tar.gz", hash = "sha256:08695f5cb7ed6e0531a20572697297273c47b8cae5a63ffc6d6ed5c201be6e44", size = 27697, upload-time = "2022-10-25T02:36:22.414Z" }
wheels = [
    { url = "https://files.pythonhosted.org/packages/d1/d6/3965ed04c63042e047cb6a3e6ed1a63a35087b6a609aa3a15ed8ac56c221/colorama-0.4.6-py2.py3-none-any.whl", hash = "sha256:4f1d9991f5acc0ca119f9d443620b77f9d6b33703e51011c16baf57afb285fc6", size = 25335, upload-time = "2022-10-25T02:36:20.889Z" },
]

[[package]]
name = "dkim010-github-io"
version = "0.1.0"
source = { virtual = "." }
dependencies = [
    { name = "mkdocs-glightbox" },
    { name = "mkdocs-literate-nav" },
    { name = "mkdocs-material" },
    { name = "mkdocs-pdf" },
    { name = "mkdocs-section-index" },
    { name = "mkdocstrings" },
]

[package.metadata]
requires-dist = [
    { name = "mkdocs-glightbox", specifier = ">=0.3.4,<0.4" },
    { name = "mkdocs-literate-nav", specifier = ">=0.6.1,<0.7" },
    { name = "mkdocs-material", specifier = ">=9.4.2,<10" },
    { name = "mkdocs-pdf", specifier = ">=0.1.2,<0.2" },
    { name = "mkdocs-section-index", specifier = ">=0.3.8,<0.4" },
    { name = "mkdocstrings", specifier = ">=0.23.0,<0.24" },
]

[[package]]
name = "ghp-import"
version = "2.1.0"
source = { registry = "https://pypi.org/simple" }
dependencies = [
    { name = "python-dateutil" },
]
sdist = { url = "https://files.pythonhosted.org/packages/d9/29/d40217cbe2f6b1359e00c6c307bb3fc876ba74068cbab3dde77f03ca0dc4/ghp-import-2.1.0.tar.gz", hash = "sha256:9c535c4c61193c2df8871222567d7fd7e5014d835f97dc7b7439069e2413d343", size = 10943, upload-time = "2022-05-02T15:47:16.11Z" }
wheels = [
    { url = "https://files.pythonhosted.org/packages/f7/ec/67fbef5d497f86283db54c22eec6f6140243aae73265799baaaa19cd17fb/ghp_import-2.1.0-py3-none-any.whl", hash = "sha256:8337dd7b50877f163d4c0289bc1f1c7f127550241988d568c1db512c4324a619", size = 11034, upload-time = "2022-05-02T15:47:14.552Z" },
]

[[package]]
name = "idna"
version = "3.4"
source = { registry = "https://pypi.org/simple" }
sdist = { url = "https://files.pythonhosted.org/packages/8b/e1/43beb3d38dba6cb420cefa297822eac205a277ab43e5ba5d5c46faf96438/idna-3.4.tar.gz", hash = "sha256:814f528e8dead7d329833b91c5faa87d60bf71824cd12a7530b5526063d02cb4", size = 183077, upload-time = "2022-09-14T00:24:27.719Z" }
wheels = [
    { url = "https://files.pythonhosted.org/packages/fc/34/3030de6f1370931b9dbb4dad48f6ab1015ab1d32447850b9fc94e60097be/idna-3.4-py3-none-any.whl", hash = "sha256:90b77e79eaa3eba6de819a0c442c0b4ceefc341a7a2ab77d7562bf49f425c5c2", size = 61538, upload-time = "2022-09-14T00:24:23.22Z" },
]

[[package]]
name = "jinja2"
version = "3.1.2"
source = { registry = "https://pypi.org/simple" }
dependencies = [
    { name = "markupsafe" },
]
sdist = { url = "https://files.pythonhosted.org/packages/7a/ff/75c28576a1d900e87eb6335b063fab47a8ef3c8b4d88524c4bf78f670cce/Jinja2-3.1.2.tar.gz", hash = "sha256:31351a702a408a9e7595a8fc6150fc3f43bb6bf7e319770cbc0db9df9437e852", size = 268239, upload-time = "2022-04-28T17:21:27.579Z" }
wheels = [
    { url = "https://files.pythonhosted.org/packages/bc/c3/f068337a370801f372f2f8f6bad74a5c140f6fda3d9de154052708dd3c65/Jinja2-3.1.2-py3-none-any.whl", hash = "sha256:6088930bfe239f0e6710546ab9c19c9ef35e29792895fed6e6e31a023a182a61", size = 133101, upload-time = "2022-04-28T17:21:25.336Z" },
]

[[package]]
name = "lxml"
version = "5.2.2"
source = { registry = "https://pypi.org/simple" }
sdist = { url = "https://files.pythonhosted.org/packages/63/f7/ffbb6d2eb67b80a45b8a0834baa5557a14a5ffce0979439e7cd7f0c4055b/lxml-5.2.2.tar.gz", hash = "sha256:bb2dc4898180bea79863d5487e5f9c7c34297414bad54bcd0f0852aee9cfdb87", size = 3678631, upload-time = "2024-05-13T05:58:21.968Z" }
wheels = [
    { url = "https://files.pythonhosted.org/packages/26/36/6e00905cb4de2d014f4a62df58f0e82d262b5461245d951a6e7442b0222a/lxml-5.2.2-cp312-cp312-macosx_10_9_universal2.whl", hash = "sha256:7429e7faa1a60cad26ae4227f4dd0459efde239e494c7312624ce228e04f6391", size = 8171540, upload-time = "2024-05-13T05:18:10.233Z" },
    { url = "https://files.pythonhosted.org/packages/d6/68/7e9de19d47cd5430414063cd7739e8c8d8386016740c18af5ff13b64ff5c/lxml-5.2.2-cp312-cp312-macosx_10_9_x86_64.whl", hash = "sha256:50ccb5d355961c0f12f6cf24b7187dbabd5433f29e15147a67995474f27d1776", size = 4441241, upload-time = "2024-05-13T05:18:38.663Z" },
    { url = "https://files.pythonhosted.org/packages/b4/1f/6a88a8e1b6a9be644c74e5f72cf581cb342a392e020c60a389cd194ebba1/lxml-5.2.2-cp312-cp312-manylinux_2_12_i686.manylinux2010_i686.manylinux_2_17_i686.manylinux2014_i686.whl", hash = "sha256:dc911208b18842a3a57266d8e51fc3cfaccee90a5351b92079beed912a7914c2", size = 5052926, upload-time = "2024-05-13T05:19:03.374Z" },
    { url = "https://files.pythonhosted.org/packages/6b/cc/8e73a63c2aeb205fbed44272fea8c5ded07920233b9956e8e304e2516931/lxml-5.2.2-cp312-cp312-manylinux_2_17_aarch64.manylinux2014_aarch64.whl", hash = "sha256:33ce9e786753743159799fdf8e92a5da351158c4bfb6f2db0bf31e7892a1feb5", size = 4748543, upload-time = "2024-05-13T05:19:22.043Z" },
    { url = "https://files.pythonhosted.org/packages/ae/fc/6020fe1468fccb684619df6765a79b67229091631e5f14b97c3efcd75ca7/lxml-5.2.2-cp312-cp312-manylinux_2_17_ppc64le.manylinux2014_ppc64le.whl", hash = "sha256:ec87c44f619380878bd49ca109669c9f221d9ae6883a5bcb3616785fa8f94c97", size = 5320915, upload-time = "2024-05-13T05:19:54.807Z" },
    { url = "https://files.pythonhosted.org/packages/25/6c/02cecb6a26b0baec373baa3f4fb55343cf0d8710d6a853ff4c4b12a9cf16/lxml-5.2.2-cp312-cp312-manylinux_2_17_s390x.manylinux2014_s390x.whl", hash = "sha256:08ea0f606808354eb8f2dfaac095963cb25d9d28e27edcc375d7b30ab01abbf6", size = 4814179, upload-time = "2024-05-13T05:20:20.668Z" },
    { url = "https://files.pythonhosted.org/packages/de/12/0253de661bb9f8c26b47059be4ed2ec5b9e4411fd2b1d45a2f4b399a7616/lxml-5.2.2-cp312-cp312-manylinux_2_17_x86_64.manylinux2014_x86_64.whl", hash = "sha256:75a9632f1d4f698b2e6e2e1ada40e71f369b15d69baddb8968dcc8e683839b18", size = 4923168, upload-time = "2024-05-13T05:20:47.622Z" },
    { url = "https://files.pythonhosted.org/packages/cd/e7/63435cfa76534fb33a9656507057b96a25bb850ae932424b9724c9fe379e/lxml-5.2.2-cp312-cp312-manylinux_2_28_aarch64.whl", hash = "sha256:74da9f97daec6928567b48c90ea2c82a106b2d500f397eeb8941e47d30b1ca85", size = 4741798, upload-time = "2024-05-13T05:21:13.567Z" },
    { url = "https://files.pythonhosted.org/packages/27/7f/9e203e850609fa12c8b347fcceaba8655f062bc19ace7a837bb7fcf64b8f/lxml-5.2.2-cp312-cp312-manylinux_2_28_ppc64le.whl", hash = "sha256:0969e92af09c5687d769731e3f39ed62427cc72176cebb54b7a9d52cc4fa3b73", size = 5347143, upload-time = "2024-05-13T05:21:37.962Z" },
    { url = "https://files.pythonhosted.org/packages/d9/d2/089fcb90e6bdd16639656c2632573508ae02f42a3b034376d3e32efd2ccc/lxml-5.2.2-cp312-cp312-manylinux_2_28_s390x.whl", hash = "sha256:9164361769b6ca7769079f4d426a41df6164879f7f3568be9086e15baca61466", size = 4901745, upload-time = "2024-05-13T05:22:01.481Z" },
    { url = "https://files.pythonhosted.org/packages/9a/87/cff3c63ebe067ec9a7cc1948c379b8a16e7990c29bd5baf77c0a1dbd03c0/lxml-5.2.2-cp312-cp312-manylinux_2_28_x86_64.whl", hash = "sha256:d26a618ae1766279f2660aca0081b2220aca6bd1aa06b2cf73f07383faf48927", size = 4947584, upload-time = "2024-05-13T05:22:28.464Z" },
    { url = "https://files.pythonhosted.org/packages/73/3f/5a22be26edce482cb5dbdc5cf75544cfd1d3fb1389124d06995395829617/lxml-5.2.2-cp312-cp312-musllinux_1_1_aarch64.whl", hash = "sha256:ab67ed772c584b7ef2379797bf14b82df9aa5f7438c5b9a09624dd834c1c1aaf", size = 4790271, upload-time = "2024-05-13T05:22:59.482Z" },
    { url = "https://files.pythonhosted.org/packages/b5/66/007666e7878ca746e44da3b4c2acf9d5c617dd51e152e89589e7eeb59f87/lxml-5.2.2-cp312-cp312-musllinux_1_1_ppc64le.whl", hash = "sha256:3d1e35572a56941b32c239774d7e9ad724074d37f90c7a7d499ab98761bd80cf", size = 5340401, upload-time = "2024-05-13T05:23:35.138Z" },
    { url = "https://files.pythonhosted.org/packages/9d/3e/b7464d5c06a57cb206fd14a9251bfa75ae03d4f6b1c0c41cf82111bdfa3b/lxml-5.2.2-cp312-cp312-musllinux_1_1_s390x.whl", hash = "sha256:8268cbcd48c5375f46e000adb1390572c98879eb4f77910c6053d25cc3ac2c67", size = 4784839, upload-time = "2024-05-13T05:24:05.271Z" },
    { url = "https://files.pythonhosted.org/packages/5b/70/1c45927de1cd7dc47292cfa8a9eb7928b38ce5647d66601bd169b25af4a7/lxml-5.2.2-cp312-cp312-musllinux_1_1_x86_64.whl", hash = "sha256:e282aedd63c639c07c3857097fc0e236f984ceb4089a8b284da1c526491e3f3d", size = 4933979, upload-time = "2024-05-13T05:24:31.213Z" },
    { url = "https://files.pythonhosted.org/packages/08/e1/51f6ad2bdb5f28fceeb6bd591d4a0ed5de42ffc6741fd88eb2209c6a46f2/lxml-5.2.2-cp312-cp312-musllinux_1_2_aarch64.whl", hash = "sha256:6dfdc2bfe69e9adf0df4915949c22a25b39d175d599bf98e7ddf620a13678585", size = 4782412, upload-time = "2024-05-13T05:24:57.208Z" },
    { url = "https://files.pythonhosted.org/packages/81/13/7df8804d4fb678e0216f6f4532754fd471856b5cb24726dab55a3b65f527/lxml-5.2.2-cp312-cp312-musllinux_1_2_ppc64le.whl", hash = "sha256:4aefd911793b5d2d7a921233a54c90329bf3d4a6817dc465f12ffdfe4fc7b8fe", size = 5371318, upload-time = "2024-05-13T05:25:31.296Z" },
    { url = "https://files.pythonhosted.org/packages/d7/7d/c98b7ef3e496a9c371057dc955be1fda04dab4e8af488b01bec254e1b59b/lxml-5.2.2-cp312-cp312-musllinux_1_2_s390x.whl", hash = "sha256:8b8df03a9e995b6211dafa63b32f9d405881518ff1ddd775db4e7b98fb545e1c", size = 4871432, upload-time = "2024-05-13T05:25:53.63Z" },
    { url = "https://files.pythonhosted.org/packages/3e/fa/b361d670ffa8f477504b7fc0e5734a7878815c7e0b6769f3a5a903a94aee/lxml-5.2.2-cp312-cp312-musllinux_1_2_x86_64.whl", hash = "sha256:f11ae142f3a322d44513de1018b50f474f8f736bc3cd91d969f464b5bfef8836", size = 4972719, upload-time = "2024-05-13T05:26:20.764Z" },
    { url = "https://files.pythonhosted.org/packages/fc/43/70e469a190a8f39ca5829b4ef4f2f7299ce65243abe46ba4a73dc58c1365/lxml-5.2.2-cp312-cp312-win32.whl", hash = "sha256:16a8326e51fcdffc886294c1e70b11ddccec836516a343f9ed0f82aac043c24a", size = 3487299, upload-time = "2024-05-13T05:26:44.707Z" },
    { url = "https://files.pythonhosted.org/packages/58/16/99b03974974537c8c786fb98183d7c213ceb16e71205174a29ae869ca988/lxml-5.2.2-cp312-cp312-win_amd64.whl", hash = "sha256:bbc4b80af581e18568ff07f6395c02114d05f4865c2812a1f02f2eaecf0bfd48", size = 3817779, upload-time = "2024-05-13T05:27:10.314Z" },
]

[[package]]
name = "markdown"
version = "3.4.4"
source = { registry = "https://pypi.org/simple" }
sdist = { url = "https://files.pythonhosted.org/packages/87/2a/62841f4fb1fef5fa015ded48d02401cd95643ca03b6760b29437b62a04a4/Markdown-3.4.4.tar.gz", hash = "sha256:225c6123522495d4119a90b3a3ba31a1e87a70369e03f14799ea9c0d7183a3d6", size = 324459, upload-time = "2023-07-25T15:13:45.311Z" }
wheels = [
    { url = "https://files.pythonhosted.org/packages/1a/b5/228c1cdcfe138f1a8e01ab1b54284c8b83735476cb22b6ba251656ed13ad/Markdown-3.4.4-py3-none-any.whl", hash = "sha256:a4c1b65c0957b4bd9e7d86ddc7b3c9868fb9670660f6f99f6d1bca8954d5a941", size = 94174, upload-time = "2023-07-25T15:13:43.124Z" },
]

[[package]]
name = "markupsafe"
version = "2.1.3"
source = { registry = "https://pypi.org/simple" }
sdist = { url = "https://files.pythonhosted.org/packages/6d/7c/59a3248f411813f8ccba92a55feaac4bf360d29e2ff05ee7d8e1ef2d7dbf/MarkupSafe-2.1.3.tar.gz", hash = "sha256:af598ed32d6ae86f1b747b82783958b1a4ab8f617b06fe68795c7f026abbdcad", size = 19132, upload-time = "2023-06-02T21:43:45.578Z" }
wheels = [
    { url = "https://files.pythonhosted.org/packages/89/5a/ee546f2aa73a1d6fcfa24272f356fe06d29acca81e76b8d32ca53e429a2e/MarkupSafe-2.1.3-cp312-cp312-macosx_10_9_universal2.whl", hash = "sha256:f698de3fd0c4e6972b92290a45bd9b1536bffe8c6759c62471efaa8acb4c37bc", size = 17849, upload-time = "2023-09-07T16:00:43.795Z" },
    { url = "https://files.pythonhosted.org/packages/3a/72/9f683a059bde096776e8acf9aa34cbbba21ddc399861fe3953790d4f2cde/MarkupSafe-2.1.3-cp312-cp312-macosx_10_9_x86_64.whl", hash = "sha256:aa57bd9cf8ae831a362185ee444e15a93ecb2e344c8e52e4d721ea3ab6ef1823", size = 13700, upload-time = "2023-09-07T16:00:45.384Z" },
    { url = "https://files.pythonhosted.org/packages/9d/78/92f15eb9b1e8f1668a9787ba103cf6f8d19a9efed8150245404836145c24/MarkupSafe-2.1.3-cp312-cp312-manylinux_2_17_aarch64.manylinux2014_aarch64.whl", hash = "sha256:ffcc3f7c66b5f5b7931a5aa68fc9cecc51e685ef90282f4a82f0f5e9b704ad11", size = 29319, upload-time = "2023-09-07T16:00:46.48Z" },
    { url = "https://files.pythonhosted.org/packages/51/94/9a04085114ff2c24f7424dbc890a281d73c5a74ea935dc2e69c66a3bd558/MarkupSafe-2.1.3-cp312-cp312-manylinux_2_17_x86_64.manylinux2014_x86_64.whl", hash = "sha256:47d4f1c5f80fc62fdd7777d0d40a2e9dda0a05883ab11374334f6c4de38adffd", size = 28314, upload-time = "2023-09-07T16:00:47.64Z" },
    { url = "https://files.pythonhosted.org/packages/ec/53/fcb3214bd370185e223b209ce6bb010fb887ea57173ca4f75bd211b24e10/MarkupSafe-2.1.3-cp312-cp312-manylinux_2_5_i686.manylinux1_i686.manylinux_2_17_i686.manylinux2014_i686.whl", hash = "sha256:1f67c7038d560d92149c060157d623c542173016c4babc0c1913cca0564b9939", size = 27696, upload-time = "2023-09-07T16:00:48.92Z" },
    { url = "https://files.pythonhosted.org/packages/e7/33/54d29854716725d7826079b8984dd235fac76dab1c32321e555d493e61f5/MarkupSafe-2.1.3-cp312-cp312-musllinux_1_1_aarch64.whl", hash = "sha256:9aad3c1755095ce347e26488214ef77e0485a3c34a50c5a5e2471dff60b9dd9c", size = 33746, upload-time = "2023-09-07T16:00:50.081Z" },
    { url = "https://files.pythonhosted.org/packages/11/40/ea7f85e2681d29bc9301c757257de561923924f24de1802d9c3baa396bb4/MarkupSafe-2.1.3-cp312-cp312-musllinux_1_1_i686.whl", hash = "sha256:14ff806850827afd6b07a5f32bd917fb7f45b046ba40c57abdb636674a8b559c", size = 32131, upload-time = "2023-09-07T16:00:51.822Z" },
    { url = "https://files.pythonhosted.org/packages/41/f1/bc770c37ecd58638c18f8ec85df205dacb818ccf933692082fd93010a4bc/MarkupSafe-2.1.3-cp312-cp312-musllinux_1_1_x86_64.whl", hash = "sha256:8f9293864fe09b8149f0cc42ce56e3f0e54de883a9de90cd427f191c346eb2e1", size = 32878, upload-time = "2023-09-07T16:00:53.575Z" },
    { url = "https://files.pythonhosted.org/packages/49/74/bf95630aab0a9ed6a67556cd4e54f6aeb0e74f4cb0fd2f229154873a4be4/MarkupSafe-2.1.3-cp312-cp312-win32.whl", hash = "sha256:715d3562f79d540f251b99ebd6d8baa547118974341db04f5ad06d5ea3eb8007", size = 16426, upload-time = "2023-09-07T16:00:55.987Z" },
    { url = "https://files.pythonhosted.org/packages/44/44/dbaf65876e258facd65f586dde158387ab89963e7f2235551afc9c2e24c2/MarkupSafe-2.1.3-cp312-cp312-win_amd64.whl", hash = "sha256:1b8dd8c3fd14349433c79fa8abeb573a55fc0fdd769133baac1f5e07abf54aeb", size = 16979, upload-time = "2023-09-07T16:00:57.77Z" },
]

[[package]]
name = "mergedeep"
version = "1.3.4"
source = { registry = "https://pypi.org/simple" }
sdist = { url = "https://files.pythonhosted.org/packages/3a/41/580bb4006e3ed0361b8151a01d324fb03f420815446c7def45d02f74c270/mergedeep-1.3.4.tar.gz", hash = "sha256:0096d52e9dad9939c3d975a774666af186eda617e6ca84df4c94dec30004f2a8", size = 4661, upload-time = "2021-02-05T18:55:30.623Z" }
wheels = [
    { url = "https://files.pythonhosted.org/packages/2c/19/04f9b178c2d8a15b076c8b5140708fa6ffc5601fb6f1e975537072df5b2a/mergedeep-1.3.4-py3-none-any.whl", hash = "sha256:70775750742b25c0d8f36c55aed03d24c3384d17c951b3175d898bd778ef0307", size = 6354, upload-time = "2021-02-05T18:55:29.583Z" },
]

[[package]]
name = "mkdocs"
version = "1.5.3"
source = { registry = "https://pypi.org/simple" }
dependencies = [
    { name = "click" },
    { name = "colorama", marker = "sys_platform == 'win32'" },
    { name = "ghp-import" },
    { name = "jinja2" },
    { name = "markdown" },
    { name = "markupsafe" },
    { name = "mergedeep" },
    { name = "packaging" },
    { name = "pathspec" },
    { name = "platformdirs" },
    { name = "pyyaml" },
    { name = "pyyaml-env-tag" },
    { name = "watchdog" },
]
sdist = { url = "https://files.pythonhosted.org/packages/ed/bb/24a22f8154cf79b07b45da070633613837d6e59c7d870076f693b7b1c556/mkdocs-1.5.3.tar.gz", hash = "sha256:eb7c99214dcb945313ba30426c2451b735992c73c2e10838f76d09e39ff4d0e2", size = 3654364, upload-time = "2023-09-18T21:26:11.452Z" }
wheels = [
    { url = "https://files.pythonhosted.org/packages/89/58/aa3301b23966a71d7f8e55233f467b3cec94a651434e9cd9053811342539/mkdocs-1.5.3-py3-none-any.whl", hash = "sha256:3b3a78e736b31158d64dbb2f8ba29bd46a379d0c6e324c2246c3bc3d2189cfc1", size = 3694750, upload-time = "2023-09-18T21:26:09.089Z" },
]

[[package]]
name = "mkdocs-autorefs"
version = "0.5.0"
source = { registry = "https://pypi.org/simple" }
dependencies = [
    { name = "markdown" },
    { name = "mkdocs" },
]
sdist = { url = "https://files.pythonhosted.org/packages/0a/05/00bb9981e8e9ea4327197180c96953a6818ab1001e91beac6c192ad45cb8/mkdocs_autorefs-0.5.0.tar.gz", hash = "sha256:9a5054a94c08d28855cfab967ada10ed5be76e2bfad642302a610b252c3274c0", size = 12517, upload-time = "2023-08-02T19:40:49.89Z" }
wheels = [
    { url = "https://files.pythonhosted.org/packages/21/5f/fe501daf6f06b93d5d9dff4319c04ad6e74965348dff22465bdd53e5e2d9/mkdocs_autorefs-0.5.0-py3-none-any.whl", hash = "sha256:7930fcb8ac1249f10e683967aeaddc0af49d90702af111a5e390e8b20b3d97ff", size = 9620, upload-time = "2023-08-02T19:40:47.684Z" },
]

[[package]]
name = "mkdocs-glightbox"
version = "0.3.4"
source = { registry = "https://pypi.org/simple" }
sdist = { url = "https://files.pythonhosted.org/packages/a2/2d/d43cc9c22f4bc0f65bba2b78b18470eedff07a0b2bca5c0496a00c2c0ec9/mkdocs-glightbox-0.3.4.tar.gz", hash = "sha256:96aaf98216f83c0d0fad2e42a8d805cfa6329d6ab25b54265012ccb2154010d8", size = 30096, upload-time = "2023-04-25T12:09:55.545Z" }
wheels = [
    { url = "https://files.pythonhosted.org/packages/ca/46/52d22c7f15158a2aa591ae7dd328d4ebc1ea18e9245b92a22136ba0e01fe/mkdocs_glightbox-0.3.4-py3-none-any.whl", hash = "sha256:8f894435b4f75231164e5d9fb023c01e922e6769e74a121e822c4914f310a41d", size = 29675, upload-time = "2023-04-25T12:09:53.717Z" },
]

[[package]]
name = "mkdocs-literate-nav"
version = "0.6.1"
source = { registry = "https://pypi.org/simple" }
dependencies = [
    { name = "mkdocs" },
]
sdist = { url = "https://files.pythonhosted.org/packages/4d/f9/c48a04f3cf484f8016a343c1d7d99c3a1ef01dbb33ceabb1d02e0ecabda7/mkdocs_literate_nav-0.6.1.tar.gz", hash = "sha256:78a7ab6d878371728acb0cdc6235c9b0ffc6e83c997b037f4a5c6ff7cef7d759", size = 16437, upload-time = "2023-09-10T22:17:16.815Z" }
wheels = [
    { url = "https://files.pythonhosted.org/packages/51/3b/e00d839d3242844c77e248f9572dd34644a04300839a60fe7d6bf652ab19/mkdocs_literate_nav-0.6.1-py3-none-any.whl", hash = "sha256:e70bdc4a07050d32da79c0b697bd88e9a104cf3294282e9cb20eec94c6b0f401", size = 13182, upload-time = "2023-09-10T22:17:18.751Z" },
]

[[package]]
name = "mkdocs-material"
version = "9.4.2"
source = { registry = "https://pypi.org/simple" }
dependencies = [
    { name = "babel" },
    { name = "colorama" },
    { name = "jinja2" },
    { name = "markdown" },
    { name = "mkdocs" },
    { name = "mkdocs-material-extensions" },
    { name = "paginate" },
    { name = "pygments" },
    { name = "pymdown-extensions" },
    { name = "regex" },
    { name = "requests" },
]
sdist = { url = "https://files.pythonhosted.org/packages/92/b1/00a7d10c7188aafb6ae9fd7607d5cc1066f273fc96944434a00e0bd8d0a0/mkdocs_material-9.4.2.tar.gz", hash = "sha256:d53b17d058e70efd04c281f9b384ca10fb1f0bfecfe85dacdadad891bb826e3d", size = 3838093, upload-time = "2023-09-25T07:51:03.719Z" }
wheels = [
    { url = "https://files.pythonhosted.org/packages/6e/c9/899366cdf70dfecd911cdf552483b747c50ed01a48a8afaa4ca4bb1adbfe/mkdocs_material-9.4.2-py3-none-any.whl", hash = "sha256:8651ff451f84681df9d2e3388906eee63c866576d98d6bb542826f83a091b289", size = 8344248, upload-time = "2023-09-25T07:51:00.168Z" },
]

[[package]]
name = "mkdocs-material-extensions"
version = "1.2"
source = { registry = "https://pypi.org/simple" }
sdist = { url = "https://files.pythonhosted.org/packages/05/3b/ceb3b4fc3810184e6d21dbe909a289884d5d183f1830fd44bcbce8027c66/mkdocs_material_extensions-1.2.tar.gz", hash = "sha256:27e2d1ed2d031426a6e10d5ea06989d67e90bb02acd588bc5673106b5ee5eedf", size = 11105, upload-time = "2023-09-20T15:44:35.591Z" }
wheels = [
    { url = "https://files.pythonhosted.org/packages/c4/db/6ada1f1cfd32808507c901ca4616f8c0907113c7a7c1eca7b03c89bb0fcf/mkdocs_material_extensions-1.2-py3-none-any.whl", hash = "sha256:c767bd6d6305f6420a50f0b541b0c9966d52068839af97029be14443849fb8a1", size = 7987, upload-time = "2023-09-20T15:44:33.972Z" },
]

[[package]]
name = "mkdocs-pdf"
version = "0.1.2"
source = { registry = "https://pypi.org/simple" }
dependencies = [
    { name = "lxml" },
]
sdist = { url = "https://files.pythonhosted.org/packages/31/c4/5f57c1aacfe19aacf941c69d1f9f734b2f5b499c73f6f758af0d94529f5c/mkdocs_pdf-0.1.2.tar.gz", hash = "sha256:22bf70d514cf430db1620d0887b6679a7b1e45e683f6a9e76e42941b34d74c99", size = 2868, upload-time = "2024-04-22T10:35:49.452Z" }
wheels = [
    { url = "https://files.pythonhosted.org/packages/82/10/0ad69ac0fc053f62c154a5d48442ec082bb6e41b0f43d0887348ef278217/mkdocs_pdf-0.1.2-py3-none-any.whl", hash = "sha256:c78bb194400c8753d84570fbe04252e6f9ac1b357a8565f2964f7e8f5689af33", size = 3323, upload-time = "2024-04-22T10:35:45.961Z" },
]

[[package]]
name = "mkdocs-section-index"
version = "0.3.8"
source = { registry = "https://pypi.org/simple" }
dependencies = [
    { name = "mkdocs" },
]
sdist = { url = "https://files.pythonhosted.org/packages/8b/ce/4ec713b1c1b561b235f72e350d549b379b6df947318ffe5859355b455b7a/mkdocs_section_index-0.3.8.tar.gz", hash = "sha256:bbd209f0da79441baf136ef3a9c40665bb9681d1fb62c73ca2f116fd1388a404", size = 13467, upload-time = "2023-09-22T12:04:35.774Z" }
wheels = [
    { url = "https://files.pythonhosted.org/packages/b1/20/670583b3c4d5bf8538458b7dbc72f2b63ec5959e3b2924dc329d2749df2f/mkdocs_section_index-0.3.8-py3-none-any.whl", hash = "sha256:823d298d78bc1e73e23678ff60889f3c369c2167b03dba73fea88bd0e268a60d", size = 8717, upload-time = "2023-09-22T12:04:34.259Z" },
]

[[package]]
name = "mkdocstrings"
version = "0.23.0"
source = { registry = "https://pypi.org/simple" }
dependencies = [
    { name = "jinja2" },
    { name = "markdown" },
    { name = "markupsafe" },
    { name = "mkdocs" },
    { name = "mkdocs-autorefs" },
    { name = "pymdown-extensions" },
]
sdist = { url = "https://files.pythonhosted.org/packages/5e/fc/c1650cff244581436adb82ad84f0874995d07afb0efc9d2b7019bb58165c/mkdocstrings-0.23.0.tar.gz", hash = "sha256:d9c6a37ffbe7c14a7a54ef1258c70b8d394e6a33a1c80832bce40b9567138d1c", size = 28748, upload-time = "2023-09-02T09:32:09.489Z" }
wheels = [
    { url = "https://files.pythonhosted.org/packages/64/2f/6b72f8f8bf168a5820c6c38bffe54d25cfdafd9b4be6fbb335a9a57dd7c9/mkdocstrings-0.23.0-py3-none-any.whl", hash = "sha256:051fa4014dfcd9ed90254ae91de2dbb4f24e166347dae7be9a997fe16316c65e", size = 25543, upload-time = "2023-09-02T09:32:07.497Z" },
]

[[package]]
name = "packaging"
version = "23.1"
source = { registry = "https://pypi.org/simple" }
sdist = { url = "https://files.pythonhosted.org/packages/b9/6c/7c6658d258d7971c5eb0d9b69fa9265879ec9a9158031206d47800ae2213/packaging-23.1.tar.gz", hash = "sha256:a392980d2b6cffa644431898be54b0045151319d1e7ec34f0cfed48767dd334f", size = 134240, upload-time = "2023-04-12T16:11:11.76Z" }
wheels = [
    { url = "https://files.pythonhosted.org/packages/ab/c3/57f0601a2d4fe15de7a553c00adbc901425661bf048f2a22dfc500caf121/packaging-23.1-py3-none-any.whl", hash = "sha256:994793af429502c4ea2ebf6bf664629d07c1a9fe974af92966e4b8d2df7edc61", size = 48905, upload-time = "2023-04-12T16:11:09.29Z" },
]

[[package]]
name = "paginate"
version = "0.5.6"
source = { registry = "https://pypi.org/simple" }
sdist = { url = "https://files.pythonhosted.org/packages/68/58/e670a947136fdcece8ac5376b3df1369d29e4f6659b0c9b358605b115e9e/paginate-0.5.6.tar.gz", hash = "sha256:5e6007b6a9398177a7e1648d04fdd9f8c9766a1a945bceac82f1929e8c78af2d", size = 12840, upload-time = "2016-11-22T12:54:04.503Z" }

[[package]]
name = "pathspec"
version = "0.11.2"
source = { registry = "https://pypi.org/simple" }
sdist = { url = "https://files.pythonhosted.org/packages/a0/2a/bd167cdf116d4f3539caaa4c332752aac0b3a0cc0174cdb302ee68933e81/pathspec-0.11.2.tar.gz", hash = "sha256:e0d8d0ac2f12da61956eb2306b69f9469b42f4deb0f3cb6ed47b9cce9996ced3", size = 47032, upload-time = "2023-07-29T01:05:04.481Z" }
wheels = [
    { url = "https://files.pythonhosted.org/packages/b4/2a/9b1be29146139ef459188f5e420a66e835dda921208db600b7037093891f/pathspec-0.11.2-py3-none-any.whl", hash = "sha256:1d6ed233af05e679efb96b1851550ea95bbb64b7c490b0f5aa52996c11e92a20", size = 29603, upload-time = "2023-07-29T01:05:02.656Z" },
]

[[package]]
name = "platformdirs"
version = "3.10.0"
source = { registry = "https://pypi.org/simple" }
sdist = { url = "https://files.pythonhosted.org/packages/dc/99/c922839819f5d00d78b3a1057b5ceee3123c69b2216e776ddcb5a4c265ff/platformdirs-3.10.0.tar.gz", hash = "sha256:b45696dab2d7cc691a3226759c0d3b00c47c8b6e293d96f6436f733303f77f6d", size = 19203, upload-time = "2023-07-29T15:04:36.183Z" }
wheels = [
    { url = "https://files.pythonhosted.org/packages/14/51/fe5a0d6ea589f0d4a1b97824fb518962ad48b27cd346dcdfa2405187997a/platformdirs-3.10.0-py3-none-any.whl", hash = "sha256:d7c24979f292f916dc9cbf8648319032f551ea8c49a4c9bf2fb556a02070ec1d", size = 17189, upload-time = "2023-07-29T15:04:34.582Z" },
]

[[package]]
name = "pygments"
version = "2.16.1"
source = { registry = "https://pypi.org/simple" }
sdist = { url = "https://files.pythonhosted.org/packages/d6/f7/4d461ddf9c2bcd6a4d7b2b139267ca32a69439387cc1f02a924ff8883825/Pygments-2.16.1.tar.gz", hash = "sha256:1daff0494820c69bc8941e407aa20f577374ee88364ee10a98fdbe0aece96e29", size = 4872980, upload-time = "2023-08-06T15:14:55.713Z" }
wheels = [
    { url = "https://files.pythonhosted.org/packages/43/88/29adf0b44ba6ac85045e63734ae0997d3c58d8b1a91c914d240828d0d73d/Pygments-2.16.1-py3-none-any.whl", hash = "sha256:13fc09fa63bc8d8671a6d247e1eb303c4b343eaee81d861f3404db2935653692", size = 1164750, upload-time = "2023-08-06T15:14:51.905Z" },
]

[[package]]
name = "pymdown-extensions"
version = "10.3"
source = { registry = "https://pypi.org/simple" }
dependencies = [
    { name = "markdown" },
    { name = "pyyaml" },
]
sdist = { url = "https://files.pythonhosted.org/packages/2d/4d/c7e99c0282076f01cfadc948228666f09abbc2ee174bba7428a0ff8825f4/pymdown_extensions-10.3.tar.gz", hash = "sha256:94a0d8a03246712b64698af223848fd80aaf1ae4c4be29c8c61939b0467b5722", size = 784920, upload-time = "2023-09-02T18:33:55.062Z" }
wheels = [
    { url = "https://files.pythonhosted.org/packages/bf/15/aa3a1d1a6da955fabb16e1de5627d2e3c3a7067b891c7bf42bd1ae50cca0/pymdown_extensions-10.3-py3-none-any.whl", hash = "sha256:77a82c621c58a83efc49a389159181d570e370fff9f810d3a4766a75fc678b66", size = 241029, upload-time = "2023-09-02T18:33:53.158Z" },
]

[[package]]
name = "python-dateutil"
version = "2.8.2"
source = { registry = "https://pypi.org/simple" }
dependencies = [
    { name = "six" },
]
sdist = { url = "https://files.pythonhosted.org/packages/4c/c4/13b4776ea2d76c115c1d1b84579f3764ee6d57204f6be27119f13a61d0a9/python-dateutil-2.8.2.tar.gz", hash = "sha256:0123cacc1627ae19ddf3c27a5de5bd67ee4586fbdd6440d9748f8abb483d3e86", size = 357324, upload-time = "2021-07-14T08:19:19.783Z" }
wheels = [
    { url = "https://files.pythonhosted.org/packages/36/7a/87837f39d0296e723bb9b62bbb257d0355c7f6128853c78955f57342a56d/python_dateutil-2.8.2-py2.py3-none-any.whl", hash = "sha256:961d03dc3453ebbc59dbdea9e4e11c5651520a876d0f4db161e8674aae935da9", size = 247702, upload-time = "2021-07-14T08:19:18.161Z" },
]

[[package]]
name = "pyyaml"
version = "6.0.1"
source = { registry = "https://pypi.org/simple" }
sdist = { url = "https://files.pythonhosted.org/packages/cd/e5/af35f7ea75cf72f2cd079c95ee16797de7cd71f29ea7c68ae5ce7be1eda0/PyYAML-6.0.1.tar.gz", hash = "sha256:bfdf460b1736c775f2ba9f6a92bca30bc2095067b8a9d77876d1fad6cc3b4a43", size = 125201, upload-time = "2023-07-18T00:00:23.308Z" }
wheels = [
    { url = "https://files.pythonhosted.org/packages/bc/06/1b305bf6aa704343be85444c9d011f626c763abb40c0edc1cad13bfd7f86/PyYAML-6.0.1-cp312-cp312-macosx_10_9_x86_64.whl", hash = "sha256:855fb52b0dc35af121542a76b9a84f8d1cd886ea97c84703eaa6d88e37a2ad28", size = 178692, upload-time = "2023-08-28T18:43:24.924Z" },
    { url = "https://files.pythonhosted.org/packages/84/02/404de95ced348b73dd84f70e15a41843d817ff8c1744516bf78358f2ffd2/PyYAML-6.0.1-cp312-cp312-macosx_11_0_arm64.whl", hash = "sha256:40df9b996c2b73138957fe23a16a4f0ba614f4c0efce1e9406a184b6d07fa3a9", size = 165622, upload-time = "2023-08-28T18:43:26.54Z" },
    { url = "https://files.pythonhosted.org/packages/c7/4c/4a2908632fc980da6d918b9de9c1d9d7d7e70b2672b1ad5166ed27841ef7/PyYAML-6.0.1-cp312-cp312-manylinux_2_17_aarch64.manylinux2014_aarch64.whl", hash = "sha256:a08c6f0fe150303c1c6b71ebcd7213c2858041a7e01975da3a99aed1e7a378ef", size = 696937, upload-time = "2024-01-18T20:40:22.92Z" },
    { url = "https://files.pythonhosted.org/packages/b4/33/720548182ffa8344418126017aa1d4ab4aeec9a2275f04ce3f3573d8ace8/PyYAML-6.0.1-cp312-cp312-manylinux_2_17_x86_64.manylinux2014_x86_64.whl", hash = "sha256:6c22bec3fbe2524cde73d7ada88f6566758a8f7227bfbf93a408a9d86bcc12a0", size = 724969, upload-time = "2023-08-28T18:43:28.56Z" },
    { url = "https://files.pythonhosted.org/packages/4f/78/77b40157b6cb5f2d3d31a3d9b2efd1ba3505371f76730d267e8b32cf4b7f/PyYAML-6.0.1-cp312-cp312-musllinux_1_1_x86_64.whl", hash = "sha256:8d4e9c88387b0f5c7d5f281e55304de64cf7f9c0021a3525bd3b1c542da3b0e4", size = 712604, upload-time = "2023-08-28T18:43:30.206Z" },
    { url = "https://files.pythonhosted.org/packages/2e/97/3e0e089ee85e840f4b15bfa00e4e63d84a3691ababbfea92d6f820ea6f21/PyYAML-6.0.1-cp312-cp312-win32.whl", hash = "sha256:d483d2cdf104e7c9fa60c544d92981f12ad66a457afae824d146093b8c294c54", size = 126098, upload-time = "2023-08-28T18:43:31.835Z" },
    { url = "https://files.pythonhosted.org/packages/2b/9f/fbade56564ad486809c27b322d0f7e6a89c01f6b4fe208402e90d4443a99/PyYAML-6.0.1-cp312-cp312-win_amd64.whl", hash = "sha256:0d3304d8c0adc42be59c5f8a4d9e3d7379e6955ad754aa9d6ab7a398b59dd1df", size = 138675, upload-time = "2023-08-28T18:43:33.613Z" },
]

[[package]]
name = "pyyaml-env-tag"
version = "0.1"
source = { registry = "https://pypi.org/simple" }
dependencies = [
    { name = "pyyaml" },
]
sdist = { url = "https://files.pythonhosted.org/packages/fb/8e/da1c6c58f751b70f8ceb1eb25bc25d524e8f14fe16edcce3f4e3ba08629c/pyyaml_env_tag-0.1.tar.gz", hash = "sha256:70092675bda14fdec33b31ba77e7543de9ddc88f2e5b99160396572d11525bdb", size = 5631, upload-time = "2020-11-12T02:38:26.239Z" }
wheels = [
    { url = "https://files.pythonhosted.org/packages/5a/66/bbb1dd374f5c870f59c5bb1db0e18cbe7fa739415a24cbd95b2d1f5ae0c4/pyyaml_env_tag-0.1-py3-none-any.whl", hash = "sha256:af31106dec8a4d68c60207c1886031cbf839b68aa7abccdb19868200532c2069", size = 3911, upload-time = "2020-11-12T02:38:24.638Z" },
]

[[package]]
name = "regex"
version = "2023.8.8"
source = { registry = "https://pypi.org/simple" }
sdist = { url = "https://files.pythonhosted.org/packages/4f/1d/6998ba539616a4c8f58b07fd7c9b90c6b0f0c0ecbe8db69095a6079537a7/regex-2023.8.8.tar.gz", hash = "sha256:fcbdc5f2b0f1cd0f6a56cdb46fe41d2cce1e644e3b68832f3eeebc5fb0f7712e", size = 392505, upload-time = "2023-08-08T21:12:26.237Z" }

[[package]]
name = "requests"
version = "2.31.0"
source = { registry = "https://pypi.org/simple" }
dependencies = [
    { name = "certifi" },
    { name = "charset-normalizer" },
    { name = "idna" },
    { name = "urllib3" },
]
sdist = { url = "https://files.pythonhosted.org/packages/9d/be/10918a2eac4ae9f02f6cfe6414b7a155ccd8f7f9d4380d62fd5b955065c3/requests-2.31.0.tar.gz", hash = "sha256:942c5a758f98d790eaed1a29cb6eefc7ffb0d1cf7af05c3d2791656dbd6ad1e1", size = 110794, upload-time = "2023-05-22T15:12:44.175Z" }
wheels = [
    { url = "https://files.pythonhosted.org/packages/70/8e/0e2d847013cb52cd35b38c009bb167a1a26b2ce6cd6965bf26b47bc0bf44/requests-2.31.0-py3-none-any.whl", hash = "sha256:58cd2187c01e70e6e26505bca751777aa9f2ee0b7f4300988b709f44e013003f", size = 62574, upload-time = "2023-05-22T15:12:42.313Z" },
]

[[package]]
name = "six"
version = "1.16.0"
source = { registry = "https://pypi.org/simple" }
sdist = { url = "https://files.pythonhosted.org/packages/71/39/171f1c67cd00715f190ba0b100d606d440a28c93c7714febeca8b79af85e/six-1.16.0.tar.gz", hash = "sha256:1e61c37477a1626458e36f7b1d82aa5c9b094fa4802892072e49de9c60c4c926", size = 34041, upload-time = "2021-05-05T14:18:18.379Z" }
wheels = [
    { url = "https://files.pythonhosted.org/packages/d9/5a/e7c31adbe875f2abbb91bd84cf2dc52d792b5a01506781dbcf25c91daf11/six-1.16.0-py2.py3-none-any.whl", hash = "sha256:8abb2f1d86890a2dfb989f9a77cfcfd3e47c2a354b01111771326f8aa26e0254", size = 11053, upload-time = "2021-05-05T14:18:17.237Z" },
]

[[package]]
name = "urllib3"
version = "2.0.5"
source = { registry = "https://pypi.org/simple" }
sdist = { url = "https://files.pythonhosted.org/packages/51/13/62cb4a0af89fdf72db4a0ead8026e724c7f3cbf69706d84a4eff439be853/urllib3-2.0.5.tar.gz", hash = "sha256:13abf37382ea2ce6fb744d4dad67838eec857c9f4f57009891805e0b5e123594", size = 281697, upload-time = "2023-09-20T07:30:34.935Z" }
wheels = [
    { url = "https://files.pythonhosted.org/packages/37/dc/399e63f5d1d96bb643404ee830657f4dfcf8503f5ba8fa3c6d465d0c57fe/urllib3-2.0.5-py3-none-any.whl", hash = "sha256:ef16afa8ba34a1f989db38e1dbbe0c302e4289a47856990d0682e374563ce35e", size = 123792, upload-time = "2023-09-20T07:30:33.595Z" },
]

[[package]]
name = "watchdog"
version = "3.0.0"
source = { registry = "https://pypi.org/simple" }
sdist = { url = "https://files.pythonhosted.org/packages/95/a6/d6ef450393dac5734c63c40a131f66808d2e6f59f6165ab38c98fbe4e6ec/watchdog-3.0.0.tar.gz", hash = "sha256:4d98a320595da7a7c5a18fc48cb633c2e73cda78f93cac2ef42d42bf609a33f9", size = 124593, upload-time = "2023-03-20T09:21:11.367Z" }
wheels = [
    { url = "https://files.pythonhosted.org/packages/92/28/631872d7fbc45527037060db8c838b47a129a6c09d2297d6dddcfa283cf2/watchdog-3.0.0-py3-none-manylinux2014_aarch64.whl", hash = "sha256:0e06ab8858a76e1219e68c7573dfeba9dd1c0219476c5a44d5333b01d7e1743a", size = 82049, upload-time = "2023-03-20T09:20:53.951Z" },
    { url = "https://files.pythonhosted.org/packages/c0/a2/4e3230bdc1fb878b152a2c66aa941732776f4545bd68135d490591d66713/watchdog-3.0.0-py3-none-manylinux2014_armv7l.whl", hash = "sha256:d00e6be486affb5781468457b21a6cbe848c33ef43f9ea4a73b4882e5f188a44", size = 82049, upload-time = "2023-03-20T09:20:55.583Z" },
    { url = "https://files.pythonhosted.org/packages/21/72/46fd174352cd88b9157ade77e3b8835125d4b1e5186fc7f1e8c44664e029/watchdog-3.0.0-py3-none-manylinux2014_i686.whl", hash = "sha256:c07253088265c363d1ddf4b3cdb808d59a0468ecd017770ed716991620b8f77a", size = 82052, upload-time = "2023-03-20T09:20:57.124Z" },
    { url = "https://files.pythonhosted.org/packages/74/3c/e4b77f4f069aca2b6e35925db7a1aa6cb600dcb52fc3e962284640ca37f3/watchdog-3.0.0-py3-none-manylinux2014_ppc64.whl", hash = "sha256:5113334cf8cf0ac8cd45e1f8309a603291b614191c9add34d33075727a967709", size = 82050, upload-time = "2023-03-20T09:20:58.864Z" },
    { url = "https://files.pythonhosted.org/packages/71/3a/b12740f4f60861240d57b42a2ac6ac0a2821db506c4435f7872c1fad867d/watchdog-3.0.0-py3-none-manylinux2014_ppc64le.whl", hash = "sha256:51f90f73b4697bac9c9a78394c3acbbd331ccd3655c11be1a15ae6fe289a8c83", size = 82050, upload-time = "2023-03-20T09:21:00.452Z" },
    { url = "https://files.pythonhosted.org/packages/40/1b/4e6d3e0f587587931f590531b4ed08070d71a9efb35541d792a68d8ee593/watchdog-3.0.0-py3-none-manylinux2014_s390x.whl", hash = "sha256:ba07e92756c97e3aca0912b5cbc4e5ad802f4557212788e72a72a47ff376950d", size = 82049, upload-time = "2023-03-20T09:21:01.979Z" },
    { url = "https://files.pythonhosted.org/packages/2b/f0/456948b865ab259784f774154e7d65844fa9757522fdb11533fbf8ae7aca/watchdog-3.0.0-py3-none-manylinux2014_x86_64.whl", hash = "sha256:d429c2430c93b7903914e4db9a966c7f2b068dd2ebdd2fa9b9ce094c7d459f33", size = 82051, upload-time = "2023-03-20T09:21:03.67Z" },
    { url = "https://files.pythonhosted.org/packages/55/0d/bfc2a0d425b12444a2dc245a934c065bbb7bd9833fff071cba79c21bb76e/watchdog-3.0.0-py3-none-win32.whl", hash = "sha256:3ed7c71a9dccfe838c2f0b6314ed0d9b22e77d268c67e015450a29036a81f60f", size = 82038, upload-time = "2023-03-20T09:21:05.492Z" },
    { url = "https://files.pythonhosted.org/packages/9b/6e/ce8d124d03cd3f2941365d9c81d62e3afe43f2dc7e6e86274fa9c2ec2d5b/watchdog-3.0.0-py3-none-win_amd64.whl", hash = "sha256:4c9956d27be0bb08fc5f30d9d0179a855436e655f046d288e2bcc11adfae893c", size = 82040, upload-time = "2023-03-20T09:21:07.609Z" },
    { url = "https://files.pythonhosted.org/packages/ba/0c/cd0337069c468f22ef256e768ece74c78b511092f1004ab260268e1af4a9/watchdog-3.0.0-py3-none-win_ia64.whl", hash = "sha256:5d9f3a10e02d7371cd929b5d8f11e87d4bad890212ed3901f9b4d68767bee759", size = 82040, upload-time = "2023-03-20T09:21:09.178Z" },
]
